
Microsoft Visual Studio Solution File, Format Version 12.00
# Visual Studio Version 17
VisualStudioVersion = 17.9.34728.123
MinimumVisualStudioVersion = 10.0.40219.1
Project("{FAE04EC0-301F-11D3-BF4B-00C04F79EFBC}") = "WpfSetIconicThumbnailDemo", "WpfSetIconicThumbnailDemo\WpfSetIconicThumbnailDemo.csproj", "{8A0BFE5C-A264-407C-849A-46816468803F}"
EndProject
Global
	GlobalSection(SolutionConfigurationPlatforms) = preSolution
		Debug|Any CPU = Debug|Any CPU
		Release|Any CPU = Release|Any CPU
	EndGlobalSection
	GlobalSection(ProjectConfigurationPlatforms) = postSolution
		{8A0BFE5C-A264-407C-849A-46816468803F}.Debug|Any CPU.ActiveCfg = Debug|Any CPU
		{8A0BFE5C-A264-407C-849A-46816468803F}.Debug|Any CPU.Build.0 = Debug|Any CPU
		{8A0BFE5C-A264-407C-849A-46816468803F}.Release|Any CPU.ActiveCfg = Release|Any CPU
		{8A0BFE5C-A264-407C-849A-46816468803F}.Release|Any CPU.Build.0 = Release|Any CPU
	EndGlobalSection
	GlobalSection(SolutionProperties) = preSolution
		HideSolutionNode = FALSE
	EndGlobalSection
	GlobalSection(ExtensibilityGlobals) = postSolution
		SolutionGuid = {85A1F17B-D801-4344-BD76-1BC747089624}
	EndGlobalSection
EndGlobal
