
Microsoft Visual Studio Solution File, Format Version 12.00
# Visual Studio Version 17
VisualStudioVersion = 17.9.34728.123
MinimumVisualStudioVersion = 10.0.40219.1
Project("{FAE04EC0-301F-11D3-BF4B-00C04F79EFBC}") = "WPFTransformDemo", "WPFTransformDemo\WPFTransformDemo.csproj", "{1E064A90-34E5-4DEA-B3D2-A540CEADE4BA}"
EndProject
Global
	GlobalSection(SolutionConfigurationPlatforms) = preSolution
		Debug|Any CPU = Debug|Any CPU
		Release|Any CPU = Release|Any CPU
	EndGlobalSection
	GlobalSection(ProjectConfigurationPlatforms) = postSolution
		{1E064A90-34E5-4DEA-B3D2-A540CEADE4BA}.Debug|Any CPU.ActiveCfg = Debug|Any CPU
		{1E064A90-34E5-4DEA-B3D2-A540CEADE4BA}.Debug|Any CPU.Build.0 = Debug|Any CPU
		{1E064A90-34E5-4DEA-B3D2-A540CEADE4BA}.Release|Any CPU.ActiveCfg = Release|Any CPU
		{1E064A90-34E5-4DEA-B3D2-A540CEADE4BA}.Release|Any CPU.Build.0 = Release|Any CPU
	EndGlobalSection
	GlobalSection(SolutionProperties) = preSolution
		HideSolutionNode = FALSE
	EndGlobalSection
	GlobalSection(ExtensibilityGlobals) = postSolution
		SolutionGuid = {76103CE5-77ED-4C94-BD20-6158B49142A3}
	EndGlobalSection
EndGlobal
