
Microsoft Visual Studio Solution File, Format Version 12.00
# Visual Studio Version 17
VisualStudioVersion = 17.9.34728.123
MinimumVisualStudioVersion = 10.0.40219.1
Project("{FAE04EC0-301F-11D3-BF4B-00C04F79EFBC}") = "NavigationMenuDemo", "NavigationMenuDemo\NavigationMenuDemo.csproj", "{7BA6D166-4374-4332-A988-E291A5C7974A}"
EndProject
Global
	GlobalSection(SolutionConfigurationPlatforms) = preSolution
		Debug|Any CPU = Debug|Any CPU
		Release|Any CPU = Release|Any CPU
	EndGlobalSection
	GlobalSection(ProjectConfigurationPlatforms) = postSolution
		{7BA6D166-4374-4332-A988-E291A5C7974A}.Debug|Any CPU.ActiveCfg = Debug|Any CPU
		{7BA6D166-4374-4332-A988-E291A5C7974A}.Debug|Any CPU.Build.0 = Debug|Any CPU
		{7BA6D166-4374-4332-A988-E291A5C7974A}.Release|Any CPU.ActiveCfg = Release|Any CPU
		{7BA6D166-4374-4332-A988-E291A5C7974A}.Release|Any CPU.Build.0 = Release|Any CPU
	EndGlobalSection
	GlobalSection(SolutionProperties) = preSolution
		HideSolutionNode = FALSE
	EndGlobalSection
	GlobalSection(ExtensibilityGlobals) = postSolution
		SolutionGuid = {963E2E81-F8EE-4584-958E-F204323C936D}
	EndGlobalSection
EndGlobal
