
Microsoft Visual Studio Solution File, Format Version 12.00
# Visual Studio Version 16
VisualStudioVersion = 16.0.30621.155
MinimumVisualStudioVersion = 10.0.40219.1
Project("{8BC9CEB8-8B4A-11D0-8D11-00A0C91BC942}") = "structdemo", "structdemo\structdemo.vcxproj", "{36F0C13E-E075-4B45-B026-726D2DE5D378}"
EndProject
Project("{8BC9CEB8-8B4A-11D0-8D11-00A0C91BC942}") = "DataAlignmentLib", "DataAlignmentLib\DataAlignmentLib.vcxproj", "{8C0A7A02-E303-4995-B322-89AB3761114A}"
EndProject
Project("{FAE04EC0-301F-11D3-BF4B-00C04F79EFBC}") = "DataAlignmentTest", "DataAlignmentTest\DataAlignmentTest.csproj", "{E9656A9C-678A-486B-A847-D15B3C51461F}"
EndProject
Global
	GlobalSection(SolutionConfigurationPlatforms) = preSolution
		Debug|Any CPU = Debug|Any CPU
		Debug|x64 = Debug|x64
		Debug|x86 = Debug|x86
		Release|Any CPU = Release|Any CPU
		Release|x64 = Release|x64
		Release|x86 = Release|x86
	EndGlobalSection
	GlobalSection(ProjectConfigurationPlatforms) = postSolution
		{36F0C13E-E075-4B45-B026-726D2DE5D378}.Debug|Any CPU.ActiveCfg = Debug|Win32
		{36F0C13E-E075-4B45-B026-726D2DE5D378}.Debug|x64.ActiveCfg = Debug|x64
		{36F0C13E-E075-4B45-B026-726D2DE5D378}.Debug|x64.Build.0 = Debug|x64
		{36F0C13E-E075-4B45-B026-726D2DE5D378}.Debug|x86.ActiveCfg = Debug|Win32
		{36F0C13E-E075-4B45-B026-726D2DE5D378}.Debug|x86.Build.0 = Debug|Win32
		{36F0C13E-E075-4B45-B026-726D2DE5D378}.Release|Any CPU.ActiveCfg = Release|Win32
		{36F0C13E-E075-4B45-B026-726D2DE5D378}.Release|x64.ActiveCfg = Release|x64
		{36F0C13E-E075-4B45-B026-726D2DE5D378}.Release|x64.Build.0 = Release|x64
		{36F0C13E-E075-4B45-B026-726D2DE5D378}.Release|x86.ActiveCfg = Release|Win32
		{36F0C13E-E075-4B45-B026-726D2DE5D378}.Release|x86.Build.0 = Release|Win32
		{8C0A7A02-E303-4995-B322-89AB3761114A}.Debug|Any CPU.ActiveCfg = Debug|Win32
		{8C0A7A02-E303-4995-B322-89AB3761114A}.Debug|x64.ActiveCfg = Debug|x64
		{8C0A7A02-E303-4995-B322-89AB3761114A}.Debug|x64.Build.0 = Debug|x64
		{8C0A7A02-E303-4995-B322-89AB3761114A}.Debug|x86.ActiveCfg = Debug|Win32
		{8C0A7A02-E303-4995-B322-89AB3761114A}.Debug|x86.Build.0 = Debug|Win32
		{8C0A7A02-E303-4995-B322-89AB3761114A}.Release|Any CPU.ActiveCfg = Release|Win32
		{8C0A7A02-E303-4995-B322-89AB3761114A}.Release|x64.ActiveCfg = Release|x64
		{8C0A7A02-E303-4995-B322-89AB3761114A}.Release|x64.Build.0 = Release|x64
		{8C0A7A02-E303-4995-B322-89AB3761114A}.Release|x86.ActiveCfg = Release|Win32
		{8C0A7A02-E303-4995-B322-89AB3761114A}.Release|x86.Build.0 = Release|Win32
		{E9656A9C-678A-486B-A847-D15B3C51461F}.Debug|Any CPU.ActiveCfg = Debug|Any CPU
		{E9656A9C-678A-486B-A847-D15B3C51461F}.Debug|Any CPU.Build.0 = Debug|Any CPU
		{E9656A9C-678A-486B-A847-D15B3C51461F}.Debug|x64.ActiveCfg = Debug|Any CPU
		{E9656A9C-678A-486B-A847-D15B3C51461F}.Debug|x64.Build.0 = Debug|Any CPU
		{E9656A9C-678A-486B-A847-D15B3C51461F}.Debug|x86.ActiveCfg = Debug|Any CPU
		{E9656A9C-678A-486B-A847-D15B3C51461F}.Debug|x86.Build.0 = Debug|Any CPU
		{E9656A9C-678A-486B-A847-D15B3C51461F}.Release|Any CPU.ActiveCfg = Release|Any CPU
		{E9656A9C-678A-486B-A847-D15B3C51461F}.Release|Any CPU.Build.0 = Release|Any CPU
		{E9656A9C-678A-486B-A847-D15B3C51461F}.Release|x64.ActiveCfg = Release|Any CPU
		{E9656A9C-678A-486B-A847-D15B3C51461F}.Release|x64.Build.0 = Release|Any CPU
		{E9656A9C-678A-486B-A847-D15B3C51461F}.Release|x86.ActiveCfg = Release|Any CPU
		{E9656A9C-678A-486B-A847-D15B3C51461F}.Release|x86.Build.0 = Release|Any CPU
	EndGlobalSection
	GlobalSection(SolutionProperties) = preSolution
		HideSolutionNode = FALSE
	EndGlobalSection
	GlobalSection(ExtensibilityGlobals) = postSolution
		SolutionGuid = {A15EF434-FA76-4960-9685-183F7A64C40D}
	EndGlobalSection
EndGlobal
