
Microsoft Visual Studio Solution File, Format Version 12.00
# Visual Studio Version 17
VisualStudioVersion = 17.4.33205.214
MinimumVisualStudioVersion = 10.0.40219.1
Project("{FAE04EC0-301F-11D3-BF4B-00C04F79EFBC}") = "ConcatExpression", "ConcatExpression\ConcatExpression.csproj", "{AF027C12-C94B-4B97-9099-10579AB3F391}"
EndProject
Global
	GlobalSection(SolutionConfigurationPlatforms) = preSolution
		Debug|Any CPU = Debug|Any CPU
		Release|Any CPU = Release|Any CPU
	EndGlobalSection
	GlobalSection(ProjectConfigurationPlatforms) = postSolution
		{AF027C12-C94B-4B97-9099-10579AB3F391}.Debug|Any CPU.ActiveCfg = Debug|Any CPU
		{AF027C12-C94B-4B97-9099-10579AB3F391}.Debug|Any CPU.Build.0 = Debug|Any CPU
		{AF027C12-C94B-4B97-9099-10579AB3F391}.Release|Any CPU.ActiveCfg = Release|Any CPU
		{AF027C12-C94B-4B97-9099-10579AB3F391}.Release|Any CPU.Build.0 = Release|Any CPU
	EndGlobalSection
	GlobalSection(SolutionProperties) = preSolution
		HideSolutionNode = FALSE
	EndGlobalSection
	GlobalSection(ExtensibilityGlobals) = postSolution
		SolutionGuid = {17789822-4EE0-44F4-B5BA-90797EFDF04A}
	EndGlobalSection
EndGlobal
