
Microsoft Visual Studio Solution File, Format Version 12.00
# Visual Studio Version 17
VisualStudioVersion = 17.9.34728.123
MinimumVisualStudioVersion = 10.0.40219.1
Project("{FAE04EC0-301F-11D3-BF4B-00C04F79EFBC}") = "WPFPosDemo", "WPFPosDemo\WPFPosDemo.csproj", "{CD6DFEAB-D620-4DDC-931E-99332CD24BE0}"
EndProject
Project("{FAE04EC0-301F-11D3-BF4B-00C04F79EFBC}") = "ControlInternalDemo", "ControlInternalDemo\ControlInternalDemo.csproj", "{F2AEE8A4-80A8-4FCC-85EA-07E1260C4B00}"
EndProject
Global
	GlobalSection(SolutionConfigurationPlatforms) = preSolution
		Debug|Any CPU = Debug|Any CPU
		Release|Any CPU = Release|Any CPU
	EndGlobalSection
	GlobalSection(ProjectConfigurationPlatforms) = postSolution
		{CD6DFEAB-D620-4DDC-931E-99332CD24BE0}.Debug|Any CPU.ActiveCfg = Debug|Any CPU
		{CD6DFEAB-D620-4DDC-931E-99332CD24BE0}.Debug|Any CPU.Build.0 = Debug|Any CPU
		{CD6DFEAB-D620-4DDC-931E-99332CD24BE0}.Release|Any CPU.ActiveCfg = Release|Any CPU
		{CD6DFEAB-D620-4DDC-931E-99332CD24BE0}.Release|Any CPU.Build.0 = Release|Any CPU
		{F2AEE8A4-80A8-4FCC-85EA-07E1260C4B00}.Debug|Any CPU.ActiveCfg = Debug|Any CPU
		{F2AEE8A4-80A8-4FCC-85EA-07E1260C4B00}.Debug|Any CPU.Build.0 = Debug|Any CPU
		{F2AEE8A4-80A8-4FCC-85EA-07E1260C4B00}.Release|Any CPU.ActiveCfg = Release|Any CPU
		{F2AEE8A4-80A8-4FCC-85EA-07E1260C4B00}.Release|Any CPU.Build.0 = Release|Any CPU
	EndGlobalSection
	GlobalSection(SolutionProperties) = preSolution
		HideSolutionNode = FALSE
	EndGlobalSection
	GlobalSection(ExtensibilityGlobals) = postSolution
		SolutionGuid = {BBB7CF26-7427-4D19-98FE-A4B4A959113E}
	EndGlobalSection
EndGlobal
